
Microsoft Visual Studio Solution File, Format Version 12.00
Project("{FAE04EC0-301F-11D3-BF4B-00C04F79EFBC}") = "InfluencerInstaParser", "InfluencerInstaParser\InfluencerInstaParser.csproj", "{8242F87E-C94F-4F5D-899D-FCA8CFB810EB}"
EndProject
Global
	GlobalSection(SolutionConfigurationPlatforms) = preSolution
		Debug|Any CPU = Debug|Any CPU
		Release|Any CPU = Release|Any CPU
	EndGlobalSection
	GlobalSection(ProjectConfigurationPlatforms) = postSolution
		{8242F87E-C94F-4F5D-899D-FCA8CFB810EB}.Debug|Any CPU.ActiveCfg = Debug|Any CPU
		{8242F87E-C94F-4F5D-899D-FCA8CFB810EB}.Debug|Any CPU.Build.0 = Debug|Any CPU
		{8242F87E-C94F-4F5D-899D-FCA8CFB810EB}.Release|Any CPU.ActiveCfg = Release|Any CPU
		{8242F87E-C94F-4F5D-899D-FCA8CFB810EB}.Release|Any CPU.Build.0 = Release|Any CPU
	EndGlobalSection
EndGlobal
